
Microsoft Visual Studio Solution File, Format Version 12.00
# Visual Studio Version 17
VisualStudioVersion = 17.1.32414.318
MinimumVisualStudioVersion = 10.0.40219.1
Project("{9A19103F-16F7-4668-BE54-9A1E7A4F7556}") = "WpfApp1", "WpfApp1\WpfApp1.csproj", "{6CA40CDE-FB1A-41D7-B60F-89A26387067D}"
EndProject
Project("{9A19103F-16F7-4668-BE54-9A1E7A4F7556}") = "YOLOClassLib", "YOLOClassLib\YOLOClassLib.csproj", "{3C863BAA-6D2B-435C-BCC8-F68AAA196BFC}"
EndProject
Project("{9A19103F-16F7-4668-BE54-9A1E7A4F7556}") = "DatabaseClassLib", "DatabaseClassLib\DatabaseClassLib.csproj", "{B527CBAF-92CC-4850-AF92-14592A58E2D8}"
EndProject
Global
	GlobalSection(SolutionConfigurationPlatforms) = preSolution
		Debug|Any CPU = Debug|Any CPU
		Release|Any CPU = Release|Any CPU
	EndGlobalSection
	GlobalSection(ProjectConfigurationPlatforms) = postSolution
		{6CA40CDE-FB1A-41D7-B60F-89A26387067D}.Debug|Any CPU.ActiveCfg = Debug|Any CPU
		{6CA40CDE-FB1A-41D7-B60F-89A26387067D}.Debug|Any CPU.Build.0 = Debug|Any CPU
		{6CA40CDE-FB1A-41D7-B60F-89A26387067D}.Release|Any CPU.ActiveCfg = Release|Any CPU
		{6CA40CDE-FB1A-41D7-B60F-89A26387067D}.Release|Any CPU.Build.0 = Release|Any CPU
		{3C863BAA-6D2B-435C-BCC8-F68AAA196BFC}.Debug|Any CPU.ActiveCfg = Debug|Any CPU
		{3C863BAA-6D2B-435C-BCC8-F68AAA196BFC}.Debug|Any CPU.Build.0 = Debug|Any CPU
		{3C863BAA-6D2B-435C-BCC8-F68AAA196BFC}.Release|Any CPU.ActiveCfg = Release|Any CPU
		{3C863BAA-6D2B-435C-BCC8-F68AAA196BFC}.Release|Any CPU.Build.0 = Release|Any CPU
		{B527CBAF-92CC-4850-AF92-14592A58E2D8}.Debug|Any CPU.ActiveCfg = Debug|Any CPU
		{B527CBAF-92CC-4850-AF92-14592A58E2D8}.Debug|Any CPU.Build.0 = Debug|Any CPU
		{B527CBAF-92CC-4850-AF92-14592A58E2D8}.Release|Any CPU.ActiveCfg = Release|Any CPU
		{B527CBAF-92CC-4850-AF92-14592A58E2D8}.Release|Any CPU.Build.0 = Release|Any CPU
	EndGlobalSection
	GlobalSection(SolutionProperties) = preSolution
		HideSolutionNode = FALSE
	EndGlobalSection
	GlobalSection(ExtensibilityGlobals) = postSolution
		SolutionGuid = {2250B2DE-DC64-4C11-96C8-5836BA3FC7EB}
	EndGlobalSection
EndGlobal
