
Microsoft Visual Studio Solution File, Format Version 12.00
# Visual Studio Version 17
VisualStudioVersion = 17.1.32414.318
MinimumVisualStudioVersion = 10.0.40219.1
Project("{FAE04EC0-301F-11D3-BF4B-00C04F79EFBC}") = "WpfApp1", "WpfApp1\WpfApp1.csproj", "{DCB7DBD9-3C33-4212-AEE0-7F26675F868F}"
EndProject
Project("{9A19103F-16F7-4668-BE54-9A1E7A4F7556}") = "DatabaseClassLib", "DatabaseClassLib\DatabaseClassLib.csproj", "{3EB86E06-ED04-4BA1-8B6D-0B203F305B37}"
EndProject
Project("{FAE04EC0-301F-11D3-BF4B-00C04F79EFBC}") = "YOLOClassLib", "YOLOClassLib\YOLOClassLib.csproj", "{6CCBA8DB-353B-4481-99A0-ACEDD0A313E5}"
EndProject
Global
	GlobalSection(SolutionConfigurationPlatforms) = preSolution
		Debug|Any CPU = Debug|Any CPU
		Release|Any CPU = Release|Any CPU
	EndGlobalSection
	GlobalSection(ProjectConfigurationPlatforms) = postSolution
		{DCB7DBD9-3C33-4212-AEE0-7F26675F868F}.Debug|Any CPU.ActiveCfg = Debug|Any CPU
		{DCB7DBD9-3C33-4212-AEE0-7F26675F868F}.Debug|Any CPU.Build.0 = Debug|Any CPU
		{DCB7DBD9-3C33-4212-AEE0-7F26675F868F}.Release|Any CPU.ActiveCfg = Release|Any CPU
		{DCB7DBD9-3C33-4212-AEE0-7F26675F868F}.Release|Any CPU.Build.0 = Release|Any CPU
		{3EB86E06-ED04-4BA1-8B6D-0B203F305B37}.Debug|Any CPU.ActiveCfg = Debug|Any CPU
		{3EB86E06-ED04-4BA1-8B6D-0B203F305B37}.Debug|Any CPU.Build.0 = Debug|Any CPU
		{3EB86E06-ED04-4BA1-8B6D-0B203F305B37}.Release|Any CPU.ActiveCfg = Release|Any CPU
		{3EB86E06-ED04-4BA1-8B6D-0B203F305B37}.Release|Any CPU.Build.0 = Release|Any CPU
		{6CCBA8DB-353B-4481-99A0-ACEDD0A313E5}.Debug|Any CPU.ActiveCfg = Debug|Any CPU
		{6CCBA8DB-353B-4481-99A0-ACEDD0A313E5}.Debug|Any CPU.Build.0 = Debug|Any CPU
		{6CCBA8DB-353B-4481-99A0-ACEDD0A313E5}.Release|Any CPU.ActiveCfg = Release|Any CPU
		{6CCBA8DB-353B-4481-99A0-ACEDD0A313E5}.Release|Any CPU.Build.0 = Release|Any CPU
	EndGlobalSection
	GlobalSection(SolutionProperties) = preSolution
		HideSolutionNode = FALSE
	EndGlobalSection
	GlobalSection(ExtensibilityGlobals) = postSolution
		SolutionGuid = {DF08F691-A248-4617-B320-FB6A361D6E1C}
	EndGlobalSection
EndGlobal
